
Microsoft Visual Studio Solution File, Format Version 12.00
# Visual Studio Version 16
VisualStudioVersion = 16.0.32407.337
MinimumVisualStudioVersion = 10.0.40219.1
Project("{FAE04EC0-301F-11D3-BF4B-00C04F79EFBC}") = "Test4jawaly", "Test4jawaly.csproj", "{FB53E4DB-7C97-4CC6-BA1E-342E41E65B71}"
EndProject
Global
	GlobalSection(SolutionConfigurationPlatforms) = preSolution
		Debug|Any CPU = Debug|Any CPU
		Release|Any CPU = Release|Any CPU
	EndGlobalSection
	GlobalSection(ProjectConfigurationPlatforms) = postSolution
		{FB53E4DB-7C97-4CC6-BA1E-342E41E65B71}.Debug|Any CPU.ActiveCfg = Debug|Any CPU
		{FB53E4DB-7C97-4CC6-BA1E-342E41E65B71}.Debug|Any CPU.Build.0 = Debug|Any CPU
		{FB53E4DB-7C97-4CC6-BA1E-342E41E65B71}.Release|Any CPU.ActiveCfg = Release|Any CPU
		{FB53E4DB-7C97-4CC6-BA1E-342E41E65B71}.Release|Any CPU.Build.0 = Release|Any CPU
	EndGlobalSection
	GlobalSection(SolutionProperties) = preSolution
		HideSolutionNode = FALSE
	EndGlobalSection
	GlobalSection(ExtensibilityGlobals) = postSolution
		SolutionGuid = {1945A0F2-A0CB-49C5-B5B9-D74EC7975A55}
	EndGlobalSection
EndGlobal
